
Microsoft Visual Studio Solution File, Format Version 12.00
# Visual Studio Version 17
VisualStudioVersion = 17.6.33723.286
MinimumVisualStudioVersion = 10.0.40219.1
Project("{FAE04EC0-301F-11D3-BF4B-00C04F79EFBC}") = "MVCProjectHamburger", "MVCProjectHamburger.csproj", "{505F3C29-1AAF-400D-92E0-0F69F853E86B}"
EndProject
Global
	GlobalSection(SolutionConfigurationPlatforms) = preSolution
		Debug|Any CPU = Debug|Any CPU
		Release|Any CPU = Release|Any CPU
	EndGlobalSection
	GlobalSection(ProjectConfigurationPlatforms) = postSolution
		{505F3C29-1AAF-400D-92E0-0F69F853E86B}.Debug|Any CPU.ActiveCfg = Debug|Any CPU
		{505F3C29-1AAF-400D-92E0-0F69F853E86B}.Debug|Any CPU.Build.0 = Debug|Any CPU
		{505F3C29-1AAF-400D-92E0-0F69F853E86B}.Release|Any CPU.ActiveCfg = Release|Any CPU
		{505F3C29-1AAF-400D-92E0-0F69F853E86B}.Release|Any CPU.Build.0 = Release|Any CPU
	EndGlobalSection
	GlobalSection(SolutionProperties) = preSolution
		HideSolutionNode = FALSE
	EndGlobalSection
	GlobalSection(ExtensibilityGlobals) = postSolution
		SolutionGuid = {D062DC2F-2510-4451-8A8E-8925F5D2A636}
	EndGlobalSection
EndGlobal
